PODS:
  - SVProgressHUD (2.1.2)
  - ZXUtilityCode (1.2.5):
    - ZXUtilityCode/AVAudioProximityDetector (= 1.2.5)
    - ZXUtilityCode/Base64Encoding (= 1.2.5)
    - ZXUtilityCode/DispatchQueue (= 1.2.5)
    - ZXUtilityCode/HashValue (= 1.2.5)
    - ZXUtilityCode/JSONObject (= 1.2.5)
    - ZXUtilityCode/NSArray+Extra (= 1.2.5)
    - ZXUtilityCode/NSDate+Extra (= 1.2.5)
    - ZXUtilityCode/NSFileManager+Extra (= 1.2.5)
    - ZXUtilityCode/NSLog+Extra (= 1.2.5)
    - ZXUtilityCode/NSObject+PerformAction (= 1.2.5)
    - ZXUtilityCode/NSString+Pinyin (= 1.2.5)
    - ZXUtilityCode/NSString+Unicode (= 1.2.5)
    - ZXUtilityCode/NSString+URLEncoding (= 1.2.5)
    - ZXUtilityCode/QRCodeGenerator (= 1.2.5)
    - ZXUtilityCode/QRCodeReader (= 1.2.5)
    - ZXUtilityCode/QRCodeScanner (= 1.2.5)
    - ZXUtilityCode/UIButton+Extra (= 1.2.5)
    - ZXUtilityCode/UIColor+Extra (= 1.2.5)
    - ZXUtilityCode/UIImage+Extra (= 1.2.5)
    - ZXUtilityCode/UINetworkActivityIndicator (= 1.2.5)
    - ZXUtilityCode/UITableViewCell+Separator (= 1.2.5)
    - ZXUtilityCode/UIViewController+Extra (= 1.2.5)
    - ZXUtilityCode/ZXAlertView (= 1.2.5)
    - ZXUtilityCode/ZXAuthorizationManager (= 1.2.5)
    - ZXUtilityCode/ZXBadgeLabel (= 1.2.5)
    - ZXUtilityCode/ZXHTTPClient (= 1.2.5)
    - ZXUtilityCode/ZXImageView (= 1.2.5)
    - ZXUtilityCode/ZXNetworkTrafficMonitor (= 1.2.5)
    - ZXUtilityCode/ZXPageView (= 1.2.5)
    - ZXUtilityCode/ZXPhotoLibrary (= 1.2.5)
    - ZXUtilityCode/ZXPopoverWindow (= 1.2.5)
    - ZXUtilityCode/ZXRefreshView (= 1.2.5)
    - ZXUtilityCode/ZXTabBarController (= 1.2.5)
    - ZXUtilityCode/ZXTagView (= 1.2.5)
  - ZXUtilityCode/AVAudioProximityDetector (1.2.5)
  - ZXUtilityCode/Base64Encoding (1.2.5)
  - ZXUtilityCode/DispatchQueue (1.2.5)
  - ZXUtilityCode/HashValue (1.2.5)
  - ZXUtilityCode/JSONObject (1.2.5)
  - ZXUtilityCode/NSArray+Extra (1.2.5)
  - ZXUtilityCode/NSDate+Extra (1.2.5)
  - ZXUtilityCode/NSFileManager+Extra (1.2.5)
  - ZXUtilityCode/NSLog+Extra (1.2.5)
  - ZXUtilityCode/NSObject+PerformAction (1.2.5)
  - ZXUtilityCode/NSString+Pinyin (1.2.5)
  - ZXUtilityCode/NSString+Unicode (1.2.5)
  - ZXUtilityCode/NSString+URLEncoding (1.2.5)
  - ZXUtilityCode/QRCodeGenerator (1.2.5)
  - ZXUtilityCode/QRCodeReader (1.2.5)
  - ZXUtilityCode/QRCodeScanner (1.2.5)
  - ZXUtilityCode/UIButton+Extra (1.2.5)
  - ZXUtilityCode/UIColor+Extra (1.2.5)
  - ZXUtilityCode/UIImage+Extra (1.2.5)
  - ZXUtilityCode/UINetworkActivityIndicator (1.2.5)
  - ZXUtilityCode/UITableViewCell+Separator (1.2.5)
  - ZXUtilityCode/UIViewController+Extra (1.2.5)
  - ZXUtilityCode/ZXAlertView (1.2.5)
  - ZXUtilityCode/ZXAuthorizationManager (1.2.5)
  - ZXUtilityCode/ZXBadgeLabel (1.2.5)
  - ZXUtilityCode/ZXHTTPClient (1.2.5)
  - ZXUtilityCode/ZXImageView (1.2.5)
  - ZXUtilityCode/ZXNetworkTrafficMonitor (1.2.5)
  - ZXUtilityCode/ZXPageView (1.2.5)
  - ZXUtilityCode/ZXPhotoLibrary (1.2.5)
  - ZXUtilityCode/ZXPopoverWindow (1.2.5)
  - ZXUtilityCode/ZXRefreshView (1.2.5)
  - ZXUtilityCode/ZXTabBarController (1.2.5)
  - ZXUtilityCode/ZXTagView (1.2.5)

DEPENDENCIES:
  - SVProgressHUD
  - ZXUtilityCode

SPEC CHECKSUMS:
  SVProgressHUD: c404a55d78acbeb7ebb78b76d3faf986475a6994
  ZXUtilityCode: 13664ff9a3305dce7aa8ed21c7573999ee728790

PODFILE CHECKSUM: bb4a321f85cd93fa5d2ef076b41185beaccacdfb

COCOAPODS: 1.2.0
