PODS:
  - SVProgressHUD (2.1.2)
  - ZXUtilityCode (1.6.1):
    - ZXUtilityCode/AVAudioProximityDetector (= 1.6.1)
    - ZXUtilityCode/Base64Encoding (= 1.6.1)
    - ZXUtilityCode/DispatchQueue (= 1.6.1)
    - ZXUtilityCode/HashValue (= 1.6.1)
    - ZXUtilityCode/JSONObject (= 1.6.1)
    - ZXUtilityCode/NSArray+Extra (= 1.6.1)
    - ZXUtilityCode/NSDate+Extra (= 1.6.1)
    - ZXUtilityCode/NSFileManager+Extra (= 1.6.1)
    - ZXUtilityCode/NSLog+Extra (= 1.6.1)
    - ZXUtilityCode/NSObject+Extra (= 1.6.1)
    - ZXUtilityCode/NSString+NumberValue (= 1.6.1)
    - ZXUtilityCode/NSString+Pinyin (= 1.6.1)
    - ZXUtilityCode/NSString+Unicode (= 1.6.1)
    - ZXUtilityCode/NSString+URLEncoding (= 1.6.1)
    - ZXUtilityCode/QRCodeGenerator (= 1.6.1)
    - ZXUtilityCode/QRCodeReader (= 1.6.1)
    - ZXUtilityCode/QRCodeScanner (= 1.6.1)
    - ZXUtilityCode/UIApplicationIdleTimer (= 1.6.1)
    - ZXUtilityCode/UIButton+Extra (= 1.6.1)
    - ZXUtilityCode/UIColor+Extra (= 1.6.1)
    - ZXUtilityCode/UIImage+Extra (= 1.6.1)
    - ZXUtilityCode/UINetworkActivityIndicator (= 1.6.1)
    - ZXUtilityCode/UITableViewCell+Separator (= 1.6.1)
    - ZXUtilityCode/UIView+Snapshot (= 1.6.1)
    - ZXUtilityCode/UIViewController+Extra (= 1.6.1)
    - ZXUtilityCode/ZXAlertView (= 1.6.1)
    - ZXUtilityCode/ZXAuthorizationManager (= 1.6.1)
    - ZXUtilityCode/ZXBadgeLabel (= 1.6.1)
    - ZXUtilityCode/ZXCircularProgressView (= 1.6.1)
    - ZXUtilityCode/ZXDownloadManager (= 1.6.1)
    - ZXUtilityCode/ZXDrawingView (= 1.6.1)
    - ZXUtilityCode/ZXHTTPClient (= 1.6.1)
    - ZXUtilityCode/ZXImageView (= 1.6.1)
    - ZXUtilityCode/ZXNetworkTrafficMonitor (= 1.6.1)
    - ZXUtilityCode/ZXPageIndicatorView (= 1.6.1)
    - ZXUtilityCode/ZXPageView (= 1.6.1)
    - ZXUtilityCode/ZXPhotoLibrary (= 1.6.1)
    - ZXUtilityCode/ZXPlayerViewController (= 1.6.1)
    - ZXUtilityCode/ZXPopoverWindow (= 1.6.1)
    - ZXUtilityCode/ZXRefreshView (= 1.6.1)
    - ZXUtilityCode/ZXTabBarController (= 1.6.1)
    - ZXUtilityCode/ZXTagView (= 1.6.1)
  - ZXUtilityCode/AVAudioProximityDetector (1.6.1)
  - ZXUtilityCode/Base64Encoding (1.6.1)
  - ZXUtilityCode/DispatchQueue (1.6.1)
  - ZXUtilityCode/HashValue (1.6.1)
  - ZXUtilityCode/JSONObject (1.6.1)
  - ZXUtilityCode/NSArray+Extra (1.6.1)
  - ZXUtilityCode/NSDate+Extra (1.6.1)
  - ZXUtilityCode/NSFileManager+Extra (1.6.1)
  - ZXUtilityCode/NSLog+Extra (1.6.1)
  - ZXUtilityCode/NSObject+Extra (1.6.1)
  - ZXUtilityCode/NSString+NumberValue (1.6.1)
  - ZXUtilityCode/NSString+Pinyin (1.6.1)
  - ZXUtilityCode/NSString+Unicode (1.6.1):
    - ZXUtilityCode/NSObject+Extra
  - ZXUtilityCode/NSString+URLEncoding (1.6.1)
  - ZXUtilityCode/QRCodeGenerator (1.6.1)
  - ZXUtilityCode/QRCodeReader (1.6.1)
  - ZXUtilityCode/QRCodeScanner (1.6.1)
  - ZXUtilityCode/UIApplicationIdleTimer (1.6.1)
  - ZXUtilityCode/UIButton+Extra (1.6.1):
    - ZXUtilityCode/NSObject+Extra
  - ZXUtilityCode/UIColor+Extra (1.6.1)
  - ZXUtilityCode/UIImage+Extra (1.6.1)
  - ZXUtilityCode/UINetworkActivityIndicator (1.6.1)
  - ZXUtilityCode/UITableViewCell+Separator (1.6.1)
  - ZXUtilityCode/UIView+Snapshot (1.6.1)
  - ZXUtilityCode/UIViewController+Extra (1.6.1)
  - ZXUtilityCode/ZXAlertView (1.6.1)
  - ZXUtilityCode/ZXAuthorizationManager (1.6.1)
  - ZXUtilityCode/ZXBadgeLabel (1.6.1)
  - ZXUtilityCode/ZXCircularProgressView (1.6.1)
  - ZXUtilityCode/ZXDownloadManager (1.6.1):
    - ZXUtilityCode/HashValue
  - ZXUtilityCode/ZXDrawingView (1.6.1)
  - ZXUtilityCode/ZXHTTPClient (1.6.1)
  - ZXUtilityCode/ZXImageView (1.6.1)
  - ZXUtilityCode/ZXNetworkTrafficMonitor (1.6.1)
  - ZXUtilityCode/ZXPageIndicatorView (1.6.1)
  - ZXUtilityCode/ZXPageView (1.6.1)
  - ZXUtilityCode/ZXPhotoLibrary (1.6.1)
  - ZXUtilityCode/ZXPlayerViewController (1.6.1):
    - ZXUtilityCode/NSObject+Extra
    - ZXUtilityCode/UIViewController+Extra
  - ZXUtilityCode/ZXPopoverWindow (1.6.1)
  - ZXUtilityCode/ZXRefreshView (1.6.1):
    - ZXUtilityCode/ZXCircularProgressView
  - ZXUtilityCode/ZXTabBarController (1.6.1)
  - ZXUtilityCode/ZXTagView (1.6.1)

DEPENDENCIES:
  - SVProgressHUD
  - ZXUtilityCode

SPEC CHECKSUMS:
  SVProgressHUD: c404a55d78acbeb7ebb78b76d3faf986475a6994
  ZXUtilityCode: 7e2dc1dcbab78896ba9c8859fb83f840cae29a3b

PODFILE CHECKSUM: bb4a321f85cd93fa5d2ef076b41185beaccacdfb

COCOAPODS: 1.2.1
